
Microsoft Visual Studio Solution File, Format Version 12.00
# Visual Studio 15
VisualStudioVersion = 15.0.27004.2005
MinimumVisualStudioVersion = 10.0.40219.1
Project("{9A19103F-16F7-4668-BE54-9A1E7A4F7556}") = "CustGLF_V2", "CustGLF_V2\CustGLF_V2.csproj", "{164E582B-8474-4C1F-B9E1-C1B392D6E08B}"
EndProject
Project("{2150E333-8FDC-42A3-9474-1A3956D46DE8}") = "Solution Items", "Solution Items", "{D9BE662C-E48C-4FF4-908F-D8C10B0C9E78}"
	ProjectSection(SolutionItems) = preProject
		README.md = README.md
	EndProjectSection
EndProject
Project("{2150E333-8FDC-42A3-9474-1A3956D46DE8}") = "assets", "assets", "{4A97014F-E6AB-4D49-8140-AC67313347FC}"
EndProject
Project("{2150E333-8FDC-42A3-9474-1A3956D46DE8}") = "img", "img", "{A2D12338-200D-454F-BD17-486E0475004C}"
	ProjectSection(SolutionItems) = preProject
		assets\img\home-page.png = assets\img\home-page.png
	EndProjectSection
EndProject
Global
	GlobalSection(SolutionConfigurationPlatforms) = preSolution
		Debug|Any CPU = Debug|Any CPU
		Release|Any CPU = Release|Any CPU
	EndGlobalSection
	GlobalSection(ProjectConfigurationPlatforms) = postSolution
		{164E582B-8474-4C1F-B9E1-C1B392D6E08B}.Debug|Any CPU.ActiveCfg = Debug|Any CPU
		{164E582B-8474-4C1F-B9E1-C1B392D6E08B}.Debug|Any CPU.Build.0 = Debug|Any CPU
		{164E582B-8474-4C1F-B9E1-C1B392D6E08B}.Release|Any CPU.ActiveCfg = Release|Any CPU
		{164E582B-8474-4C1F-B9E1-C1B392D6E08B}.Release|Any CPU.Build.0 = Release|Any CPU
	EndGlobalSection
	GlobalSection(SolutionProperties) = preSolution
		HideSolutionNode = FALSE
	EndGlobalSection
	GlobalSection(NestedProjects) = preSolution
		{4A97014F-E6AB-4D49-8140-AC67313347FC} = {D9BE662C-E48C-4FF4-908F-D8C10B0C9E78}
		{A2D12338-200D-454F-BD17-486E0475004C} = {4A97014F-E6AB-4D49-8140-AC67313347FC}
	EndGlobalSection
	GlobalSection(ExtensibilityGlobals) = postSolution
		SolutionGuid = {C8E78FD0-43A4-48E9-8D23-F28E84A77051}
	EndGlobalSection
EndGlobal
